
Microsoft Visual Studio Solution File, Format Version 12.00
# Visual Studio Version 17
VisualStudioVersion = 17.0.31903.59
MinimumVisualStudioVersion = 10.0.40219.1
Project("{2150E333-8FDC-42A3-9474-1A3956D46DE8}") = "UI", "UI", "{02EA681E-C7D8-13C7-8484-4AC65E1B71E8}"
EndProject
Project("{FAE04EC0-301F-11D3-BF4B-00C04F79EFBC}") = "TodoItems.API", "UI\TodoItems.API\TodoItems.API.csproj", "{2B9FADD2-E312-39AD-9B90-85FB318A1D89}"
EndProject
Project("{FAE04EC0-301F-11D3-BF4B-00C04F79EFBC}") = "TodoItems.Consola", "UI\TodoItems.Consola\TodoItems.Consola.csproj", "{20A3CBF2-045A-9800-5930-AE5AC8DB2D9A}"
EndProject
Project("{2150E333-8FDC-42A3-9474-1A3956D46DE8}") = "Application", "Application", "{1D93E17D-CB27-4171-9421-61339E11F479}"
EndProject
Project("{FAE04EC0-301F-11D3-BF4B-00C04F79EFBC}") = "TodoItems.Application", "Application\TodoItems.Application\TodoItems.Application.csproj", "{A5C4F93A-B7A5-7687-57FA-5E2E6C77DA12}"
EndProject
Project("{FAE04EC0-301F-11D3-BF4B-00C04F79EFBC}") = "TodoItems.Application.Tests", "Application\TodoItems.Application.Tests\TodoItems.Application.Tests.csproj", "{3B9262BB-BB7F-32CE-866D-5445147A531B}"
EndProject
Project("{2150E333-8FDC-42A3-9474-1A3956D46DE8}") = "Domain", "Domain", "{DA50A62C-CBEC-494A-B36F-7D40C77BBDC7}"
EndProject
Project("{FAE04EC0-301F-11D3-BF4B-00C04F79EFBC}") = "TodoItems.Domain", "Domain\TodoItems.Domain\TodoItems.Domain.csproj", "{BFC6BA0C-176D-34DE-9995-DEC9563C7648}"
EndProject
Project("{FAE04EC0-301F-11D3-BF4B-00C04F79EFBC}") = "TodoItems.Domain.Tests", "Domain\TodoItems.Domain.Tests\TodoItems.Domain.Tests.csproj", "{E17123B5-956C-B6B2-7583-8D9469D2DCA1}"
EndProject
Project("{2150E333-8FDC-42A3-9474-1A3956D46DE8}") = "Infrastructure", "Infrastructure", "{6AE00415-6C22-4D55-9AB3-AF832852C09D}"
EndProject
Project("{FAE04EC0-301F-11D3-BF4B-00C04F79EFBC}") = "TodoItems.Infrastructure", "Infrastructure\TodoItems.Infrastructure\TodoItems.Infrastructure.csproj", "{37A6DC05-BCC8-C111-A848-1FDBA34AD2FA}"
EndProject
Project("{FAE04EC0-301F-11D3-BF4B-00C04F79EFBC}") = "TodoItems.Infrastructure.IntegrationTests", "Infrastructure\TodoItems.Infrastructure.Persistence.IntegrationTests\TodoItems.Infrastructure.IntegrationTests.csproj", "{A1DA07D6-8B51-AABD-E9F8-93E3861306BB}"
EndProject
Project("{2150E333-8FDC-42A3-9474-1A3956D46DE8}") = ".settings", ".settings", "{6BCCBC20-E06A-4EA7-A797-28EE22C0031E}"
	ProjectSection(SolutionItems) = preProject
		.github\workflows\dotnet.yml = .github\workflows\dotnet.yml
	EndProjectSection
EndProject
Global
	GlobalSection(SolutionConfigurationPlatforms) = preSolution
		Debug|Any CPU = Debug|Any CPU
		Debug|x64 = Debug|x64
		Debug|x86 = Debug|x86
		Release|Any CPU = Release|Any CPU
		Release|x64 = Release|x64
		Release|x86 = Release|x86
	EndGlobalSection
	GlobalSection(ProjectConfigurationPlatforms) = postSolution
		{2B9FADD2-E312-39AD-9B90-85FB318A1D89}.Debug|Any CPU.ActiveCfg = Debug|Any CPU
		{2B9FADD2-E312-39AD-9B90-85FB318A1D89}.Debug|Any CPU.Build.0 = Debug|Any CPU
		{2B9FADD2-E312-39AD-9B90-85FB318A1D89}.Debug|x64.ActiveCfg = Debug|Any CPU
		{2B9FADD2-E312-39AD-9B90-85FB318A1D89}.Debug|x64.Build.0 = Debug|Any CPU
		{2B9FADD2-E312-39AD-9B90-85FB318A1D89}.Debug|x86.ActiveCfg = Debug|Any CPU
		{2B9FADD2-E312-39AD-9B90-85FB318A1D89}.Debug|x86.Build.0 = Debug|Any CPU
		{2B9FADD2-E312-39AD-9B90-85FB318A1D89}.Release|Any CPU.ActiveCfg = Release|Any CPU
		{2B9FADD2-E312-39AD-9B90-85FB318A1D89}.Release|Any CPU.Build.0 = Release|Any CPU
		{2B9FADD2-E312-39AD-9B90-85FB318A1D89}.Release|x64.ActiveCfg = Release|Any CPU
		{2B9FADD2-E312-39AD-9B90-85FB318A1D89}.Release|x64.Build.0 = Release|Any CPU
		{2B9FADD2-E312-39AD-9B90-85FB318A1D89}.Release|x86.ActiveCfg = Release|Any CPU
		{2B9FADD2-E312-39AD-9B90-85FB318A1D89}.Release|x86.Build.0 = Release|Any CPU
		{20A3CBF2-045A-9800-5930-AE5AC8DB2D9A}.Debug|Any CPU.ActiveCfg = Debug|Any CPU
		{20A3CBF2-045A-9800-5930-AE5AC8DB2D9A}.Debug|Any CPU.Build.0 = Debug|Any CPU
		{20A3CBF2-045A-9800-5930-AE5AC8DB2D9A}.Debug|x64.ActiveCfg = Debug|Any CPU
		{20A3CBF2-045A-9800-5930-AE5AC8DB2D9A}.Debug|x64.Build.0 = Debug|Any CPU
		{20A3CBF2-045A-9800-5930-AE5AC8DB2D9A}.Debug|x86.ActiveCfg = Debug|Any CPU
		{20A3CBF2-045A-9800-5930-AE5AC8DB2D9A}.Debug|x86.Build.0 = Debug|Any CPU
		{20A3CBF2-045A-9800-5930-AE5AC8DB2D9A}.Release|Any CPU.ActiveCfg = Release|Any CPU
		{20A3CBF2-045A-9800-5930-AE5AC8DB2D9A}.Release|Any CPU.Build.0 = Release|Any CPU
		{20A3CBF2-045A-9800-5930-AE5AC8DB2D9A}.Release|x64.ActiveCfg = Release|Any CPU
		{20A3CBF2-045A-9800-5930-AE5AC8DB2D9A}.Release|x64.Build.0 = Release|Any CPU
		{20A3CBF2-045A-9800-5930-AE5AC8DB2D9A}.Release|x86.ActiveCfg = Release|Any CPU
		{20A3CBF2-045A-9800-5930-AE5AC8DB2D9A}.Release|x86.Build.0 = Release|Any CPU
		{A5C4F93A-B7A5-7687-57FA-5E2E6C77DA12}.Debug|Any CPU.ActiveCfg = Debug|Any CPU
		{A5C4F93A-B7A5-7687-57FA-5E2E6C77DA12}.Debug|Any CPU.Build.0 = Debug|Any CPU
		{A5C4F93A-B7A5-7687-57FA-5E2E6C77DA12}.Debug|x64.ActiveCfg = Debug|Any CPU
		{A5C4F93A-B7A5-7687-57FA-5E2E6C77DA12}.Debug|x64.Build.0 = Debug|Any CPU
		{A5C4F93A-B7A5-7687-57FA-5E2E6C77DA12}.Debug|x86.ActiveCfg = Debug|Any CPU
		{A5C4F93A-B7A5-7687-57FA-5E2E6C77DA12}.Debug|x86.Build.0 = Debug|Any CPU
		{A5C4F93A-B7A5-7687-57FA-5E2E6C77DA12}.Release|Any CPU.ActiveCfg = Release|Any CPU
		{A5C4F93A-B7A5-7687-57FA-5E2E6C77DA12}.Release|Any CPU.Build.0 = Release|Any CPU
		{A5C4F93A-B7A5-7687-57FA-5E2E6C77DA12}.Release|x64.ActiveCfg = Release|Any CPU
		{A5C4F93A-B7A5-7687-57FA-5E2E6C77DA12}.Release|x64.Build.0 = Release|Any CPU
		{A5C4F93A-B7A5-7687-57FA-5E2E6C77DA12}.Release|x86.ActiveCfg = Release|Any CPU
		{A5C4F93A-B7A5-7687-57FA-5E2E6C77DA12}.Release|x86.Build.0 = Release|Any CPU
		{3B9262BB-BB7F-32CE-866D-5445147A531B}.Debug|Any CPU.ActiveCfg = Debug|Any CPU
		{3B9262BB-BB7F-32CE-866D-5445147A531B}.Debug|Any CPU.Build.0 = Debug|Any CPU
		{3B9262BB-BB7F-32CE-866D-5445147A531B}.Debug|x64.ActiveCfg = Debug|Any CPU
		{3B9262BB-BB7F-32CE-866D-5445147A531B}.Debug|x64.Build.0 = Debug|Any CPU
		{3B9262BB-BB7F-32CE-866D-5445147A531B}.Debug|x86.ActiveCfg = Debug|Any CPU
		{3B9262BB-BB7F-32CE-866D-5445147A531B}.Debug|x86.Build.0 = Debug|Any CPU
		{3B9262BB-BB7F-32CE-866D-5445147A531B}.Release|Any CPU.ActiveCfg = Release|Any CPU
		{3B9262BB-BB7F-32CE-866D-5445147A531B}.Release|Any CPU.Build.0 = Release|Any CPU
		{3B9262BB-BB7F-32CE-866D-5445147A531B}.Release|x64.ActiveCfg = Release|Any CPU
		{3B9262BB-BB7F-32CE-866D-5445147A531B}.Release|x64.Build.0 = Release|Any CPU
		{3B9262BB-BB7F-32CE-866D-5445147A531B}.Release|x86.ActiveCfg = Release|Any CPU
		{3B9262BB-BB7F-32CE-866D-5445147A531B}.Release|x86.Build.0 = Release|Any CPU
		{BFC6BA0C-176D-34DE-9995-DEC9563C7648}.Debug|Any CPU.ActiveCfg = Debug|Any CPU
		{BFC6BA0C-176D-34DE-9995-DEC9563C7648}.Debug|Any CPU.Build.0 = Debug|Any CPU
		{BFC6BA0C-176D-34DE-9995-DEC9563C7648}.Debug|x64.ActiveCfg = Debug|Any CPU
		{BFC6BA0C-176D-34DE-9995-DEC9563C7648}.Debug|x64.Build.0 = Debug|Any CPU
		{BFC6BA0C-176D-34DE-9995-DEC9563C7648}.Debug|x86.ActiveCfg = Debug|Any CPU
		{BFC6BA0C-176D-34DE-9995-DEC9563C7648}.Debug|x86.Build.0 = Debug|Any CPU
		{BFC6BA0C-176D-34DE-9995-DEC9563C7648}.Release|Any CPU.ActiveCfg = Release|Any CPU
		{BFC6BA0C-176D-34DE-9995-DEC9563C7648}.Release|Any CPU.Build.0 = Release|Any CPU
		{BFC6BA0C-176D-34DE-9995-DEC9563C7648}.Release|x64.ActiveCfg = Release|Any CPU
		{BFC6BA0C-176D-34DE-9995-DEC9563C7648}.Release|x64.Build.0 = Release|Any CPU
		{BFC6BA0C-176D-34DE-9995-DEC9563C7648}.Release|x86.ActiveCfg = Release|Any CPU
		{BFC6BA0C-176D-34DE-9995-DEC9563C7648}.Release|x86.Build.0 = Release|Any CPU
		{E17123B5-956C-B6B2-7583-8D9469D2DCA1}.Debug|Any CPU.ActiveCfg = Debug|Any CPU
		{E17123B5-956C-B6B2-7583-8D9469D2DCA1}.Debug|Any CPU.Build.0 = Debug|Any CPU
		{E17123B5-956C-B6B2-7583-8D9469D2DCA1}.Debug|x64.ActiveCfg = Debug|Any CPU
		{E17123B5-956C-B6B2-7583-8D9469D2DCA1}.Debug|x64.Build.0 = Debug|Any CPU
		{E17123B5-956C-B6B2-7583-8D9469D2DCA1}.Debug|x86.ActiveCfg = Debug|Any CPU
		{E17123B5-956C-B6B2-7583-8D9469D2DCA1}.Debug|x86.Build.0 = Debug|Any CPU
		{E17123B5-956C-B6B2-7583-8D9469D2DCA1}.Release|Any CPU.ActiveCfg = Release|Any CPU
		{E17123B5-956C-B6B2-7583-8D9469D2DCA1}.Release|Any CPU.Build.0 = Release|Any CPU
		{E17123B5-956C-B6B2-7583-8D9469D2DCA1}.Release|x64.ActiveCfg = Release|Any CPU
		{E17123B5-956C-B6B2-7583-8D9469D2DCA1}.Release|x64.Build.0 = Release|Any CPU
		{E17123B5-956C-B6B2-7583-8D9469D2DCA1}.Release|x86.ActiveCfg = Release|Any CPU
		{E17123B5-956C-B6B2-7583-8D9469D2DCA1}.Release|x86.Build.0 = Release|Any CPU
		{37A6DC05-BCC8-C111-A848-1FDBA34AD2FA}.Debug|Any CPU.ActiveCfg = Debug|Any CPU
		{37A6DC05-BCC8-C111-A848-1FDBA34AD2FA}.Debug|Any CPU.Build.0 = Debug|Any CPU
		{37A6DC05-BCC8-C111-A848-1FDBA34AD2FA}.Debug|x64.ActiveCfg = Debug|Any CPU
		{37A6DC05-BCC8-C111-A848-1FDBA34AD2FA}.Debug|x64.Build.0 = Debug|Any CPU
		{37A6DC05-BCC8-C111-A848-1FDBA34AD2FA}.Debug|x86.ActiveCfg = Debug|Any CPU
		{37A6DC05-BCC8-C111-A848-1FDBA34AD2FA}.Debug|x86.Build.0 = Debug|Any CPU
		{37A6DC05-BCC8-C111-A848-1FDBA34AD2FA}.Release|Any CPU.ActiveCfg = Release|Any CPU
		{37A6DC05-BCC8-C111-A848-1FDBA34AD2FA}.Release|Any CPU.Build.0 = Release|Any CPU
		{37A6DC05-BCC8-C111-A848-1FDBA34AD2FA}.Release|x64.ActiveCfg = Release|Any CPU
		{37A6DC05-BCC8-C111-A848-1FDBA34AD2FA}.Release|x64.Build.0 = Release|Any CPU
		{37A6DC05-BCC8-C111-A848-1FDBA34AD2FA}.Release|x86.ActiveCfg = Release|Any CPU
		{37A6DC05-BCC8-C111-A848-1FDBA34AD2FA}.Release|x86.Build.0 = Release|Any CPU
		{A1DA07D6-8B51-AABD-E9F8-93E3861306BB}.Debug|Any CPU.ActiveCfg = Debug|Any CPU
		{A1DA07D6-8B51-AABD-E9F8-93E3861306BB}.Debug|Any CPU.Build.0 = Debug|Any CPU
		{A1DA07D6-8B51-AABD-E9F8-93E3861306BB}.Debug|x64.ActiveCfg = Debug|Any CPU
		{A1DA07D6-8B51-AABD-E9F8-93E3861306BB}.Debug|x64.Build.0 = Debug|Any CPU
		{A1DA07D6-8B51-AABD-E9F8-93E3861306BB}.Debug|x86.ActiveCfg = Debug|Any CPU
		{A1DA07D6-8B51-AABD-E9F8-93E3861306BB}.Debug|x86.Build.0 = Debug|Any CPU
		{A1DA07D6-8B51-AABD-E9F8-93E3861306BB}.Release|Any CPU.ActiveCfg = Release|Any CPU
		{A1DA07D6-8B51-AABD-E9F8-93E3861306BB}.Release|Any CPU.Build.0 = Release|Any CPU
		{A1DA07D6-8B51-AABD-E9F8-93E3861306BB}.Release|x64.ActiveCfg = Release|Any CPU
		{A1DA07D6-8B51-AABD-E9F8-93E3861306BB}.Release|x64.Build.0 = Release|Any CPU
		{A1DA07D6-8B51-AABD-E9F8-93E3861306BB}.Release|x86.ActiveCfg = Release|Any CPU
		{A1DA07D6-8B51-AABD-E9F8-93E3861306BB}.Release|x86.Build.0 = Release|Any CPU
	EndGlobalSection
	GlobalSection(SolutionProperties) = preSolution
		HideSolutionNode = FALSE
	EndGlobalSection
	GlobalSection(NestedProjects) = preSolution
		{2B9FADD2-E312-39AD-9B90-85FB318A1D89} = {02EA681E-C7D8-13C7-8484-4AC65E1B71E8}
		{20A3CBF2-045A-9800-5930-AE5AC8DB2D9A} = {02EA681E-C7D8-13C7-8484-4AC65E1B71E8}
		{A5C4F93A-B7A5-7687-57FA-5E2E6C77DA12} = {1D93E17D-CB27-4171-9421-61339E11F479}
		{3B9262BB-BB7F-32CE-866D-5445147A531B} = {1D93E17D-CB27-4171-9421-61339E11F479}
		{BFC6BA0C-176D-34DE-9995-DEC9563C7648} = {DA50A62C-CBEC-494A-B36F-7D40C77BBDC7}
		{E17123B5-956C-B6B2-7583-8D9469D2DCA1} = {DA50A62C-CBEC-494A-B36F-7D40C77BBDC7}
		{37A6DC05-BCC8-C111-A848-1FDBA34AD2FA} = {6AE00415-6C22-4D55-9AB3-AF832852C09D}
		{A1DA07D6-8B51-AABD-E9F8-93E3861306BB} = {6AE00415-6C22-4D55-9AB3-AF832852C09D}
	EndGlobalSection
	GlobalSection(ExtensibilityGlobals) = postSolution
		SolutionGuid = {881A802B-018B-40AD-A822-B653BA2A897A}
	EndGlobalSection
EndGlobal
